// !$*UTF8*$!
{
	archiveVersion = 1;
	classes = {
	};
	objectVersion = 46;
	objects = {

/* Begin PBXBuildFile section */
		A84CAF4D18F881870045BD34 /* Foundation.framework in Frameworks */ = {isa = PBXBuildFile; fileRef = A84CAF4C18F881870045BD34 /* Foundation.framework */; };
		A84CAF4F18F881870045BD34 /* CoreGraphics.framework in Frameworks */ = {isa = PBXBuildFile; fileRef = A84CAF4E18F881870045BD34 /* CoreGraphics.framework */; };
		A84CAF5118F881870045BD34 /* UIKit.framework in Frameworks */ = {isa = PBXBuildFile; fileRef = A84CAF5018F881870045BD34 /* UIKit.framework */; };
		A84CAF5718F881870045BD34 /* InfoPlist.strings in Resources */ = {isa = PBXBuildFile; fileRef = A84CAF5518F881870045BD34 /* InfoPlist.strings */; };
		A84CAF5918F881870045BD34 /* main.m in Sources */ = {isa = PBXBuildFile; fileRef = A84CAF5818F881870045BD34 /* main.m */; };
		A84CAF5D18F881870045BD34 /* TVSAppDelegate.m in Sources */ = {isa = PBXBuildFile; fileRef = A84CAF5C18F881870045BD34 /* TVSAppDelegate.m */; };
		A84CAF6018F881870045BD34 /* Main.storyboard in Resources */ = {isa = PBXBuildFile; fileRef = A84CAF5E18F881870045BD34 /* Main.storyboard */; };
		A84CAF6518F881870045BD34 /* Images.xcassets in Resources */ = {isa = PBXBuildFile; fileRef = A84CAF6418F881870045BD34 /* Images.xcassets */; };
		A84CAF6C18F881880045BD34 /* XCTest.framework in Frameworks */ = {isa = PBXBuildFile; fileRef = A84CAF6B18F881880045BD34 /* XCTest.framework */; };
		A84CAF6D18F881880045BD34 /* Foundation.framework in Frameworks */ = {isa = PBXBuildFile; fileRef = A84CAF4C18F881870045BD34 /* Foundation.framework */; };
		A84CAF6E18F881880045BD34 /* UIKit.framework in Frameworks */ = {isa = PBXBuildFile; fileRef = A84CAF5018F881870045BD34 /* UIKit.framework */; };
		A84CAF7618F881880045BD34 /* InfoPlist.strings in Resources */ = {isa = PBXBuildFile; fileRef = A84CAF7418F881880045BD34 /* InfoPlist.strings */; };
		A84CAF7818F881880045BD34 /* TableViewStoryTests.m in Sources */ = {isa = PBXBuildFile; fileRef = A84CAF7718F881880045BD34 /* TableViewStoryTests.m */; };
		A84CAF8318F884040045BD34 /* CarTableViewController.m in Sources */ = {isa = PBXBuildFile; fileRef = A84CAF8218F884040045BD34 /* CarTableViewController.m */; };
		A84CAF8618F884700045BD34 /* CarTableViewCell.m in Sources */ = {isa = PBXBuildFile; fileRef = A84CAF8518F884700045BD34 /* CarTableViewCell.m */; };
		A84CAF8C18F921970045BD34 /* chevy_volt.jpg in Resources */ = {isa = PBXBuildFile; fileRef = A84CAF8718F921970045BD34 /* chevy_volt.jpg */; };
		A84CAF8D18F921970045BD34 /* mini_clubman.jpg in Resources */ = {isa = PBXBuildFile; fileRef = A84CAF8818F921970045BD34 /* mini_clubman.jpg */; };
		A84CAF8E18F921970045BD34 /* smart_fortwo.jpg in Resources */ = {isa = PBXBuildFile; fileRef = A84CAF8918F921970045BD34 /* smart_fortwo.jpg */; };
		A84CAF8F18F921970045BD34 /* toyota_venza.jpg in Resources */ = {isa = PBXBuildFile; fileRef = A84CAF8A18F921970045BD34 /* toyota_venza.jpg */; };
		A84CAF9018F921970045BD34 /* volvo_s60.jpg in Resources */ = {isa = PBXBuildFile; fileRef = A84CAF8B18F921970045BD34 /* volvo_s60.jpg */; };
		A84CAF9318F97A9A0045BD34 /* CarDetailViewController.m in Sources */ = {isa = PBXBuildFile; fileRef = A84CAF9218F97A9A0045BD34 /* CarDetailViewController.m */; };
/* End PBXBuildFile section */

/* Begin PBXContainerItemProxy section */
		A84CAF6F18F881880045BD34 /* PBXContainerItemProxy */ = {
			isa = PBXContainerItemProxy;
			containerPortal = A84CAF4118F881870045BD34 /* Project object */;
			proxyType = 1;
			remoteGlobalIDString = A84CAF4818F881870045BD34;
			remoteInfo = TableViewStory;
		};
/* End PBXContainerItemProxy section */

/* Begin PBXFileReference section */
		A84CAF4918F881870045BD34 /* TableViewStory.app */ = {isa = PBXFileReference; explicitFileType = wrapper.application; includeInIndex = 0; path = TableViewStory.app; sourceTree = BUILT_PRODUCTS_DIR; };
		A84CAF4C18F881870045BD34 /* Foundation.framework */ = {isa = PBXFileReference; lastKnownFileType = wrapper.framework; name = Foundation.framework; path = System/Library/Frameworks/Foundation.framework; sourceTree = SDKROOT; };
		A84CAF4E18F881870045BD34 /* CoreGraphics.framework */ = {isa = PBXFileReference; lastKnownFileType = wrapper.framework; name = CoreGraphics.framework; path = System/Library/Frameworks/CoreGraphics.framework; sourceTree = SDKROOT; };
		A84CAF5018F881870045BD34 /* UIKit.framework */ = {isa = PBXFileReference; lastKnownFileType = wrapper.framework; name = UIKit.framework; path = System/Library/Frameworks/UIKit.framework; sourceTree = SDKROOT; };
		A84CAF5418F881870045BD34 /* TableViewStory-Info.plist */ = {isa = PBXFileReference; lastKnownFileType = text.plist.xml; path = "TableViewStory-Info.plist"; sourceTree = "<group>"; };
		A84CAF5618F881870045BD34 /* en */ = {isa = PBXFileReference; lastKnownFileType = text.plist.strings; name = en; path = en.lproj/InfoPlist.strings; sourceTree = "<group>"; };
		A84CAF5818F881870045BD34 /* main.m */ = {isa = PBXFileReference; lastKnownFileType = sourcecode.c.objc; path = main.m; sourceTree = "<group>"; };
		A84CAF5A18F881870045BD34 /* TableViewStory-Prefix.pch */ = {isa = PBXFileReference; lastKnownFileType = sourcecode.c.h; path = "TableViewStory-Prefix.pch"; sourceTree = "<group>"; };
		A84CAF5B18F881870045BD34 /* TVSAppDelegate.h */ = {isa = PBXFileReference; lastKnownFileType = sourcecode.c.h; path = TVSAppDelegate.h; sourceTree = "<group>"; };
		A84CAF5C18F881870045BD34 /* TVSAppDelegate.m */ = {isa = PBXFileReference; lastKnownFileType = sourcecode.c.objc; path = TVSAppDelegate.m; sourceTree = "<group>"; };
		A84CAF5F18F881870045BD34 /* Base */ = {isa = PBXFileReference; lastKnownFileType = file.storyboard; name = Base; path = Base.lproj/Main.storyboard; sourceTree = "<group>"; };
		A84CAF6418F881870045BD34 /* Images.xcassets */ = {isa = PBXFileReference; lastKnownFileType = folder.assetcatalog; path = Images.xcassets; sourceTree = "<group>"; };
		A84CAF6A18F881880045BD34 /* TableViewStoryTests.xctest */ = {isa = PBXFileReference; explicitFileType = wrapper.cfbundle; includeInIndex = 0; path = TableViewStoryTests.xctest; sourceTree = BUILT_PRODUCTS_DIR; };
		A84CAF6B18F881880045BD34 /* XCTest.framework */ = {isa = PBXFileReference; lastKnownFileType = wrapper.framework; name = XCTest.framework; path = Library/Frameworks/XCTest.framework; sourceTree = DEVELOPER_DIR; };
		A84CAF7318F881880045BD34 /* TableViewStoryTests-Info.plist */ = {isa = PBXFileReference; lastKnownFileType = text.plist.xml; path = "TableViewStoryTests-Info.plist"; sourceTree = "<group>"; };
		A84CAF7518F881880045BD34 /* en */ = {isa = PBXFileReference; lastKnownFileType = text.plist.strings; name = en; path = en.lproj/InfoPlist.strings; sourceTree = "<group>"; };
		A84CAF7718F881880045BD34 /* TableViewStoryTests.m */ = {isa = PBXFileReference; lastKnownFileType = sourcecode.c.objc; path = TableViewStoryTests.m; sourceTree = "<group>"; };
		A84CAF8118F884040045BD34 /* CarTableViewController.h */ = {isa = PBXFileReference; fileEncoding = 4; lastKnownFileType = sourcecode.c.h; name = CarTableViewController.h; path = ../CarTableViewController.h; sourceTree = "<group>"; };
		A84CAF8218F884040045BD34 /* CarTableViewController.m */ = {isa = PBXFileReference; fileEncoding = 4; lastKnownFileType = sourcecode.c.objc; name = CarTableViewController.m; path = ../CarTableViewController.m; sourceTree = "<group>"; };
		A84CAF8418F884700045BD34 /* CarTableViewCell.h */ = {isa = PBXFileReference; fileEncoding = 4; lastKnownFileType = sourcecode.c.h; name = CarTableViewCell.h; path = ../CarTableViewCell.h; sourceTree = "<group>"; };
		A84CAF8518F884700045BD34 /* CarTableViewCell.m */ = {isa = PBXFileReference; fileEncoding = 4; lastKnownFileType = sourcecode.c.objc; name = CarTableViewCell.m; path = ../CarTableViewCell.m; sourceTree = "<group>"; };
		A84CAF8718F921970045BD34 /* chevy_volt.jpg */ = {isa = PBXFileReference; lastKnownFileType = image.jpeg; path = chevy_volt.jpg; sourceTree = "<group>"; };
		A84CAF8818F921970045BD34 /* mini_clubman.jpg */ = {isa = PBXFileReference; lastKnownFileType = image.jpeg; path = mini_clubman.jpg; sourceTree = "<group>"; };
		A84CAF8918F921970045BD34 /* smart_fortwo.jpg */ = {isa = PBXFileReference; lastKnownFileType = image.jpeg; path = smart_fortwo.jpg; sourceTree = "<group>"; };
		A84CAF8A18F921970045BD34 /* toyota_venza.jpg */ = {isa = PBXFileReference; lastKnownFileType = image.jpeg; path = toyota_venza.jpg; sourceTree = "<group>"; };
		A84CAF8B18F921970045BD34 /* volvo_s60.jpg */ = {isa = PBXFileReference; lastKnownFileType = image.jpeg; path = volvo_s60.jpg; sourceTree = "<group>"; };
		A84CAF9118F97A9A0045BD34 /* CarDetailViewController.h */ = {isa = PBXFileReference; fileEncoding = 4; lastKnownFileType = sourcecode.c.h; path = CarDetailViewController.h; sourceTree = "<group>"; };
		A84CAF9218F97A9A0045BD34 /* CarDetailViewController.m */ = {isa = PBXFileReference; fileEncoding = 4; lastKnownFileType = sourcecode.c.objc; path = CarDetailViewController.m; sourceTree = "<group>"; };
/* End PBXFileReference section */

/* Begin PBXFrameworksBuildPhase section */
		A84CAF4618F881870045BD34 /* Frameworks */ = {
			isa = PBXFrameworksBuildPhase;
			buildActionMask = 2147483647;
			files = (
				A84CAF4F18F881870045BD34 /* CoreGraphics.framework in Frameworks */,
				A84CAF5118F881870045BD34 /* UIKit.framework in Frameworks */,
				A84CAF4D18F881870045BD34 /* Foundation.framework in Frameworks */,
			);
			runOnlyForDeploymentPostprocessing = 0;
		};
		A84CAF6718F881880045BD34 /* Frameworks */ = {
			isa = PBXFrameworksBuildPhase;
			buildActionMask = 2147483647;
			files = (
				A84CAF6C18F881880045BD34 /* XCTest.framework in Frameworks */,
				A84CAF6E18F881880045BD34 /* UIKit.framework in Frameworks */,
				A84CAF6D18F881880045BD34 /* Foundation.framework in Frameworks */,
			);
			runOnlyForDeploymentPostprocessing = 0;
		};
/* End PBXFrameworksBuildPhase section */

/* Begin PBXGroup section */
		A84CAF4018F881870045BD34 = {
			isa = PBXGroup;
			children = (
				A84CAF5218F881870045BD34 /* TableViewStory */,
				A84CAF7118F881880045BD34 /* TableViewStoryTests */,
				A84CAF4B18F881870045BD34 /* Frameworks */,
				A84CAF4A18F881870045BD34 /* Products */,
			);
			sourceTree = "<group>";
		};
		A84CAF4A18F881870045BD34 /* Products */ = {
			isa = PBXGroup;
			children = (
				A84CAF4918F881870045BD34 /* TableViewStory.app */,
				A84CAF6A18F881880045BD34 /* TableViewStoryTests.xctest */,
			);
			name = Products;
			sourceTree = "<group>";
		};
		A84CAF4B18F881870045BD34 /* Frameworks */ = {
			isa = PBXGroup;
			children = (
				A84CAF4C18F881870045BD34 /* Foundation.framework */,
				A84CAF4E18F881870045BD34 /* CoreGraphics.framework */,
				A84CAF5018F881870045BD34 /* UIKit.framework */,
				A84CAF6B18F881880045BD34 /* XCTest.framework */,
			);
			name = Frameworks;
			sourceTree = "<group>";
		};
		A84CAF5218F881870045BD34 /* TableViewStory */ = {
			isa = PBXGroup;
			children = (
				A84CAF8118F884040045BD34 /* CarTableViewController.h */,
				A84CAF8218F884040045BD34 /* CarTableViewController.m */,
				A84CAF8418F884700045BD34 /* CarTableViewCell.h */,
				A84CAF8518F884700045BD34 /* CarTableViewCell.m */,
				A84CAF5B18F881870045BD34 /* TVSAppDelegate.h */,
				A84CAF5C18F881870045BD34 /* TVSAppDelegate.m */,
				A84CAF5E18F881870045BD34 /* Main.storyboard */,
				A84CAF6418F881870045BD34 /* Images.xcassets */,
				A84CAF5318F881870045BD34 /* Supporting Files */,
				A84CAF9118F97A9A0045BD34 /* CarDetailViewController.h */,
				A84CAF9218F97A9A0045BD34 /* CarDetailViewController.m */,
			);
			path = TableViewStory;
			sourceTree = "<group>";
		};
		A84CAF5318F881870045BD34 /* Supporting Files */ = {
			isa = PBXGroup;
			children = (
				A84CAF8718F921970045BD34 /* chevy_volt.jpg */,
				A84CAF8818F921970045BD34 /* mini_clubman.jpg */,
				A84CAF8918F921970045BD34 /* smart_fortwo.jpg */,
				A84CAF8A18F921970045BD34 /* toyota_venza.jpg */,
				A84CAF8B18F921970045BD34 /* volvo_s60.jpg */,
				A84CAF5418F881870045BD34 /* TableViewStory-Info.plist */,
				A84CAF5518F881870045BD34 /* InfoPlist.strings */,
				A84CAF5818F881870045BD34 /* main.m */,
				A84CAF5A18F881870045BD34 /* TableViewStory-Prefix.pch */,
			);
			name = "Supporting Files";
			sourceTree = "<group>";
		};
		A84CAF7118F881880045BD34 /* TableViewStoryTests */ = {
			isa = PBXGroup;
			children = (
				A84CAF7718F881880045BD34 /* TableViewStoryTests.m */,
				A84CAF7218F881880045BD34 /* Supporting Files */,
			);
			path = TableViewStoryTests;
			sourceTree = "<group>";
		};
		A84CAF7218F881880045BD34 /* Supporting Files */ = {
			isa = PBXGroup;
			children = (
				A84CAF7318F881880045BD34 /* TableViewStoryTests-Info.plist */,
				A84CAF7418F881880045BD34 /* InfoPlist.strings */,
			);
			name = "Supporting Files";
			sourceTree = "<group>";
		};
/* End PBXGroup section */

/* Begin PBXNativeTarget section */
		A84CAF4818F881870045BD34 /* TableViewStory */ = {
			isa = PBXNativeTarget;
			buildConfigurationList = A84CAF7B18F881880045BD34 /* Build configuration list for PBXNativeTarget "TableViewStory" */;
			buildPhases = (
				A84CAF4518F881870045BD34 /* Sources */,
				A84CAF4618F881870045BD34 /* Frameworks */,
				A84CAF4718F881870045BD34 /* Resources */,
			);
			buildRules = (
			);
			dependencies = (
			);
			name = TableViewStory;
			productName = TableViewStory;
			productReference = A84CAF4918F881870045BD34 /* TableViewStory.app */;
			productType = "com.apple.product-type.application";
		};
		A84CAF6918F881880045BD34 /* TableViewStoryTests */ = {
			isa = PBXNativeTarget;
			buildConfigurationList = A84CAF7E18F881880045BD34 /* Build configuration list for PBXNativeTarget "TableViewStoryTests" */;
			buildPhases = (
				A84CAF6618F881880045BD34 /* Sources */,
				A84CAF6718F881880045BD34 /* Frameworks */,
				A84CAF6818F881880045BD34 /* Resources */,
			);
			buildRules = (
			);
			dependencies = (
				A84CAF7018F881880045BD34 /* PBXTargetDependency */,
			);
			name = TableViewStoryTests;
			productName = TableViewStoryTests;
			productReference = A84CAF6A18F881880045BD34 /* TableViewStoryTests.xctest */;
			productType = "com.apple.product-type.bundle.unit-test";
		};
/* End PBXNativeTarget section */

/* Begin PBXProject section */
		A84CAF4118F881870045BD34 /* Project object */ = {
			isa = PBXProject;
			attributes = {
				CLASSPREFIX = TVS;
				LastUpgradeCheck = 0510;
				ORGANIZATIONNAME = "Alexandra Pencea";
				TargetAttributes = {
					A84CAF6918F881880045BD34 = {
						TestTargetID = A84CAF4818F881870045BD34;
					};
				};
			};
			buildConfigurationList = A84CAF4418F881870045BD34 /* Build configuration list for PBXProject "TableViewStory" */;
			compatibilityVersion = "Xcode 3.2";
			developmentRegion = English;
			hasScannedForEncodings = 0;
			knownRegions = (
				en,
				Base,
			);
			mainGroup = A84CAF4018F881870045BD34;
			productRefGroup = A84CAF4A18F881870045BD34 /* Products */;
			projectDirPath = "";
			projectRoot = "";
			targets = (
				A84CAF4818F881870045BD34 /* TableViewStory */,
				A84CAF6918F881880045BD34 /* TableViewStoryTests */,
			);
		};
/* End PBXProject section */

/* Begin PBXResourcesBuildPhase section */
		A84CAF4718F881870045BD34 /* Resources */ = {
			isa = PBXResourcesBuildPhase;
			buildActionMask = 2147483647;
			files = (
				A84CAF8C18F921970045BD34 /* chevy_volt.jpg in Resources */,
				A84CAF6518F881870045BD34 /* Images.xcassets in Resources */,
				A84CAF9018F921970045BD34 /* volvo_s60.jpg in Resources */,
				A84CAF8E18F921970045BD34 /* smart_fortwo.jpg in Resources */,
				A84CAF8F18F921970045BD34 /* toyota_venza.jpg in Resources */,
				A84CAF8D18F921970045BD34 /* mini_clubman.jpg in Resources */,
				A84CAF5718F881870045BD34 /* InfoPlist.strings in Resources */,
				A84CAF6018F881870045BD34 /* Main.storyboard in Resources */,
			);
			runOnlyForDeploymentPostprocessing = 0;
		};
		A84CAF6818F881880045BD34 /* Resources */ = {
			isa = PBXResourcesBuildPhase;
			buildActionMask = 2147483647;
			files = (
				A84CAF7618F881880045BD34 /* InfoPlist.strings in Resources */,
			);
			runOnlyForDeploymentPostprocessing = 0;
		};
/* End PBXResourcesBuildPhase section */

/* Begin PBXSourcesBuildPhase section */
		A84CAF4518F881870045BD34 /* Sources */ = {
			isa = PBXSourcesBuildPhase;
			buildActionMask = 2147483647;
			files = (
				A84CAF5D18F881870045BD34 /* TVSAppDelegate.m in Sources */,
				A84CAF9318F97A9A0045BD34 /* CarDetailViewController.m in Sources */,
				A84CAF5918F881870045BD34 /* main.m in Sources */,
				A84CAF8618F884700045BD34 /* CarTableViewCell.m in Sources */,
				A84CAF8318F884040045BD34 /* CarTableViewController.m in Sources */,
			);
			runOnlyForDeploymentPostprocessing = 0;
		};
		A84CAF6618F881880045BD34 /* Sources */ = {
			isa = PBXSourcesBuildPhase;
			buildActionMask = 2147483647;
			files = (
				A84CAF7818F881880045BD34 /* TableViewStoryTests.m in Sources */,
			);
			runOnlyForDeploymentPostprocessing = 0;
		};
/* End PBXSourcesBuildPhase section */

/* Begin PBXTargetDependency section */
		A84CAF7018F881880045BD34 /* PBXTargetDependency */ = {
			isa = PBXTargetDependency;
			target = A84CAF4818F881870045BD34 /* TableViewStory */;
			targetProxy = A84CAF6F18F881880045BD34 /* PBXContainerItemProxy */;
		};
/* End PBXTargetDependency section */

/* Begin PBXVariantGroup section */
		A84CAF5518F881870045BD34 /* InfoPlist.strings */ = {
			isa = PBXVariantGroup;
			children = (
				A84CAF5618F881870045BD34 /* en */,
			);
			name = InfoPlist.strings;
			sourceTree = "<group>";
		};
		A84CAF5E18F881870045BD34 /* Main.storyboard */ = {
			isa = PBXVariantGroup;
			children = (
				A84CAF5F18F881870045BD34 /* Base */,
			);
			name = Main.storyboard;
			sourceTree = "<group>";
		};
		A84CAF7418F881880045BD34 /* InfoPlist.strings */ = {
			isa = PBXVariantGroup;
			children = (
				A84CAF7518F881880045BD34 /* en */,
			);
			name = InfoPlist.strings;
			sourceTree = "<group>";
		};
/* End PBXVariantGroup section */

/* Begin XCBuildConfiguration section */
		A84CAF7918F881880045BD34 /* Debug */ = {
			isa = XCBuildConfiguration;
			buildSettings = {
				ALWAYS_SEARCH_USER_PATHS = NO;
				CLANG_CXX_LANGUAGE_STANDARD = "gnu++0x";
				CLANG_CXX_LIBRARY = "libc++";
				CLANG_ENABLE_MODULES = YES;
				CLANG_ENABLE_OBJC_ARC = YES;
				CLANG_WARN_BOOL_CONVERSION = YES;
				CLANG_WARN_CONSTANT_CONVERSION = YES;
				CLANG_WARN_DIRECT_OBJC_ISA_USAGE = YES_ERROR;
				CLANG_WARN_EMPTY_BODY = YES;
				CLANG_WARN_ENUM_CONVERSION = YES;
				CLANG_WARN_INT_CONVERSION = YES;
				CLANG_WARN_OBJC_ROOT_CLASS = YES_ERROR;
				CLANG_WARN__DUPLICATE_METHOD_MATCH = YES;
				"CODE_SIGN_IDENTITY[sdk=iphoneos*]" = "iPhone Developer";
				COPY_PHASE_STRIP = NO;
				GCC_C_LANGUAGE_STANDARD = gnu99;
				GCC_DYNAMIC_NO_PIC = NO;
				GCC_OPTIMIZATION_LEVEL = 0;
				GCC_PREPROCESSOR_DEFINITIONS = (
					"DEBUG=1",
					"$(inherited)",
				);
				GCC_SYMBOLS_PRIVATE_EXTERN = NO;
				GCC_WARN_64_TO_32_BIT_CONVERSION = YES;
				GCC_WARN_ABOUT_RETURN_TYPE = YES_ERROR;
				GCC_WARN_UNDECLARED_SELECTOR = YES;
				GCC_WARN_UNINITIALIZED_AUTOS = YES_AGGRESSIVE;
				GCC_WARN_UNUSED_FUNCTION = YES;
				GCC_WARN_UNUSED_VARIABLE = YES;
				IPHONEOS_DEPLOYMENT_TARGET = 7.1;
				ONLY_ACTIVE_ARCH = YES;
				SDKROOT = iphoneos;
			};
			name = Debug;
		};
		A84CAF7A18F881880045BD34 /* Release */ = {
			isa = XCBuildConfiguration;
			buildSettings = {
				ALWAYS_SEARCH_USER_PATHS = NO;
				CLANG_CXX_LANGUAGE_STANDARD = "gnu++0x";
				CLANG_CXX_LIBRARY = "libc++";
				CLANG_ENABLE_MODULES = YES;
				CLANG_ENABLE_OBJC_ARC = YES;
				CLANG_WARN_BOOL_CONVERSION = YES;
				CLANG_WARN_CONSTANT_CONVERSION = YES;
				CLANG_WARN_DIRECT_OBJC_ISA_USAGE = YES_ERROR;
				CLANG_WARN_EMPTY_BODY = YES;
				CLANG_WARN_ENUM_CONVERSION = YES;
				CLANG_WARN_INT_CONVERSION = YES;
				CLANG_WARN_OBJC_ROOT_CLASS = YES_ERROR;
				CLANG_WARN__DUPLICATE_METHOD_MATCH = YES;
				"CODE_SIGN_IDENTITY[sdk=iphoneos*]" = "iPhone Developer";
				COPY_PHASE_STRIP = YES;
				ENABLE_NS_ASSERTIONS = NO;
				GCC_C_LANGUAGE_STANDARD = gnu99;
				GCC_WARN_64_TO_32_BIT_CONVERSION = YES;
				GCC_WARN_ABOUT_RETURN_TYPE = YES_ERROR;
				GCC_WARN_UNDECLARED_SELECTOR = YES;
				GCC_WARN_UNINITIALIZED_AUTOS = YES_AGGRESSIVE;
				GCC_WARN_UNUSED_FUNCTION = YES;
				GCC_WARN_UNUSED_VARIABLE = YES;
				IPHONEOS_DEPLOYMENT_TARGET = 7.1;
				SDKROOT = iphoneos;
				VALIDATE_PRODUCT = YES;
			};
			name = Release;
		};
		A84CAF7C18F881880045BD34 /* Debug */ = {
			isa = XCBuildConfiguration;
			buildSettings = {
				ASSETCATALOG_COMPILER_APPICON_NAME = AppIcon;
				ASSETCATALOG_COMPILER_LAUNCHIMAGE_NAME = LaunchImage;
				GCC_PRECOMPILE_PREFIX_HEADER = YES;
				GCC_PREFIX_HEADER = "TableViewStory/TableViewStory-Prefix.pch";
				INFOPLIST_FILE = "TableViewStory/TableViewStory-Info.plist";
				PRODUCT_NAME = "$(TARGET_NAME)";
				WRAPPER_EXTENSION = app;
			};
			name = Debug;
		};
		A84CAF7D18F881880045BD34 /* Release */ = {
			isa = XCBuildConfiguration;
			buildSettings = {
				ASSETCATALOG_COMPILER_APPICON_NAME = AppIcon;
				ASSETCATALOG_COMPILER_LAUNCHIMAGE_NAME = LaunchImage;
				GCC_PRECOMPILE_PREFIX_HEADER = YES;
				GCC_PREFIX_HEADER = "TableViewStory/TableViewStory-Prefix.pch";
				INFOPLIST_FILE = "TableViewStory/TableViewStory-Info.plist";
				PRODUCT_NAME = "$(TARGET_NAME)";
				WRAPPER_EXTENSION = app;
			};
			name = Release;
		};
		A84CAF7F18F881880045BD34 /* Debug */ = {
			isa = XCBuildConfiguration;
			buildSettings = {
				BUNDLE_LOADER = "$(BUILT_PRODUCTS_DIR)/TableViewStory.app/TableViewStory";
				FRAMEWORK_SEARCH_PATHS = (
					"$(SDKROOT)/Developer/Library/Frameworks",
					"$(inherited)",
					"$(DEVELOPER_FRAMEWORKS_DIR)",
				);
				GCC_PRECOMPILE_PREFIX_HEADER = YES;
				GCC_PREFIX_HEADER = "TableViewStory/TableViewStory-Prefix.pch";
				GCC_PREPROCESSOR_DEFINITIONS = (
					"DEBUG=1",
					"$(inherited)",
				);
				INFOPLIST_FILE = "TableViewStoryTests/TableViewStoryTests-Info.plist";
				PRODUCT_NAME = "$(TARGET_NAME)";
				TEST_HOST = "$(BUNDLE_LOADER)";
				WRAPPER_EXTENSION = xctest;
			};
			name = Debug;
		};
		A84CAF8018F881880045BD34 /* Release */ = {
			isa = XCBuildConfiguration;
			buildSettings = {
				BUNDLE_LOADER = "$(BUILT_PRODUCTS_DIR)/TableViewStory.app/TableViewStory";
				FRAMEWORK_SEARCH_PATHS = (
					"$(SDKROOT)/Developer/Library/Frameworks",
					"$(inherited)",
					"$(DEVELOPER_FRAMEWORKS_DIR)",
				);
				GCC_PRECOMPILE_PREFIX_HEADER = YES;
				GCC_PREFIX_HEADER = "TableViewStory/TableViewStory-Prefix.pch";
				INFOPLIST_FILE = "TableViewStoryTests/TableViewStoryTests-Info.plist";
				PRODUCT_NAME = "$(TARGET_NAME)";
				TEST_HOST = "$(BUNDLE_LOADER)";
				WRAPPER_EXTENSION = xctest;
			};
			name = Release;
		};
/* End XCBuildConfiguration section */

/* Begin XCConfigurationList section */
		A84CAF4418F881870045BD34 /* Build configuration list for PBXProject "TableViewStory" */ = {
			isa = XCConfigurationList;
			buildConfigurations = (
				A84CAF7918F881880045BD34 /* Debug */,
				A84CAF7A18F881880045BD34 /* Release */,
			);
			defaultConfigurationIsVisible = 0;
			defaultConfigurationName = Release;
		};
		A84CAF7B18F881880045BD34 /* Build configuration list for PBXNativeTarget "TableViewStory" */ = {
			isa = XCConfigurationList;
			buildConfigurations = (
				A84CAF7C18F881880045BD34 /* Debug */,
				A84CAF7D18F881880045BD34 /* Release */,
			);
			defaultConfigurationIsVisible = 0;
		};
		A84CAF7E18F881880045BD34 /* Build configuration list for PBXNativeTarget "TableViewStoryTests" */ = {
			isa = XCConfigurationList;
			buildConfigurations = (
				A84CAF7F18F881880045BD34 /* Debug */,
				A84CAF8018F881880045BD34 /* Release */,
			);
			defaultConfigurationIsVisible = 0;
		};
/* End XCConfigurationList section */
	};
	rootObject = A84CAF4118F881870045BD34 /* Project object */;
}
